
Microsoft Visual Studio Solution File, Format Version 12.00
# Visual Studio 15
VisualStudioVersion = 15.0.27703.2026
MinimumVisualStudioVersion = 10.0.40219.1
Project("{FAE04EC0-301F-11D3-BF4B-00C04F79EFBC}") = "WebApplication1", "WebApplication1\WebApplication1.csproj", "{0BFAD8E9-F4E3-418B-BA78-9B5EAB32F07A}"
EndProject
Global
	GlobalSection(SolutionConfigurationPlatforms) = preSolution
		Debug|Any CPU = Debug|Any CPU
		Release|Any CPU = Release|Any CPU
	EndGlobalSection
	GlobalSection(ProjectConfigurationPlatforms) = postSolution
		{0BFAD8E9-F4E3-418B-BA78-9B5EAB32F07A}.Debug|Any CPU.ActiveCfg = Debug|Any CPU
		{0BFAD8E9-F4E3-418B-BA78-9B5EAB32F07A}.Debug|Any CPU.Build.0 = Debug|Any CPU
		{0BFAD8E9-F4E3-418B-BA78-9B5EAB32F07A}.Release|Any CPU.ActiveCfg = Release|Any CPU
		{0BFAD8E9-F4E3-418B-BA78-9B5EAB32F07A}.Release|Any CPU.Build.0 = Release|Any CPU
	EndGlobalSection
	GlobalSection(SolutionProperties) = preSolution
		HideSolutionNode = FALSE
	EndGlobalSection
	GlobalSection(ExtensibilityGlobals) = postSolution
		SolutionGuid = {B0DD0963-36A0-4A9B-A58D-B8E7480A5D36}
	EndGlobalSection
EndGlobal
